
Microsoft Visual Studio Solution File, Format Version 12.00
# Visual Studio 2013
VisualStudioVersion = 12.0.21005.1
MinimumVisualStudioVersion = 10.0.40219.1
Project("{FAE04EC0-301F-11D3-BF4B-00C04F79EFBC}") = "LoginClient", "ShopClient\LoginClient.csproj", "{0924A3BA-F02F-4218-A959-03932D565493}"
EndProject
Project("{FAE04EC0-301F-11D3-BF4B-00C04F79EFBC}") = "StoreClient", "StoreClient\StoreClient.csproj", "{45392D32-FD53-4F30-B4D1-ACF954B0668D}"
EndProject
Project("{FAE04EC0-301F-11D3-BF4B-00C04F79EFBC}") = "ShuppetDB", "ShuppetDB\ShuppetDB.csproj", "{DDEDE08B-B26C-43F1-9B1B-17222D7DD3D5}"
EndProject
Global
	GlobalSection(SolutionConfigurationPlatforms) = preSolution
		Debug|Any CPU = Debug|Any CPU
		Release|Any CPU = Release|Any CPU
	EndGlobalSection
	GlobalSection(ProjectConfigurationPlatforms) = postSolution
		{0924A3BA-F02F-4218-A959-03932D565493}.Debug|Any CPU.ActiveCfg = Debug|Any CPU
		{0924A3BA-F02F-4218-A959-03932D565493}.Debug|Any CPU.Build.0 = Debug|Any CPU
		{0924A3BA-F02F-4218-A959-03932D565493}.Release|Any CPU.ActiveCfg = Release|Any CPU
		{0924A3BA-F02F-4218-A959-03932D565493}.Release|Any CPU.Build.0 = Release|Any CPU
		{45392D32-FD53-4F30-B4D1-ACF954B0668D}.Debug|Any CPU.ActiveCfg = Debug|Any CPU
		{45392D32-FD53-4F30-B4D1-ACF954B0668D}.Debug|Any CPU.Build.0 = Debug|Any CPU
		{45392D32-FD53-4F30-B4D1-ACF954B0668D}.Release|Any CPU.ActiveCfg = Release|Any CPU
		{45392D32-FD53-4F30-B4D1-ACF954B0668D}.Release|Any CPU.Build.0 = Release|Any CPU
		{DDEDE08B-B26C-43F1-9B1B-17222D7DD3D5}.Debug|Any CPU.ActiveCfg = Debug|Any CPU
		{DDEDE08B-B26C-43F1-9B1B-17222D7DD3D5}.Debug|Any CPU.Build.0 = Debug|Any CPU
		{DDEDE08B-B26C-43F1-9B1B-17222D7DD3D5}.Release|Any CPU.ActiveCfg = Release|Any CPU
		{DDEDE08B-B26C-43F1-9B1B-17222D7DD3D5}.Release|Any CPU.Build.0 = Release|Any CPU
	EndGlobalSection
	GlobalSection(SolutionProperties) = preSolution
		HideSolutionNode = FALSE
	EndGlobalSection
EndGlobal
