
Microsoft Visual Studio Solution File, Format Version 12.00
# Visual Studio 2013
VisualStudioVersion = 12.0.21005.1
MinimumVisualStudioVersion = 10.0.40219.1
Project("{FAE04EC0-301F-11D3-BF4B-00C04F79EFBC}") = "ShuppetServiceLibrary", "ShuppetServiceLibrary\ShuppetServiceLibrary.csproj", "{319D8D6B-A172-4BC0-90E3-A266B7586118}"
EndProject
Project("{FAE04EC0-301F-11D3-BF4B-00C04F79EFBC}") = "ShuppetHost", "ShuppetHost\ShuppetHost.csproj", "{83A889B0-2EDF-4203-B827-DF4DFC069F07}"
EndProject
Global
	GlobalSection(SolutionConfigurationPlatforms) = preSolution
		Debug|Any CPU = Debug|Any CPU
		Release|Any CPU = Release|Any CPU
	EndGlobalSection
	GlobalSection(ProjectConfigurationPlatforms) = postSolution
		{319D8D6B-A172-4BC0-90E3-A266B7586118}.Debug|Any CPU.ActiveCfg = Debug|Any CPU
		{319D8D6B-A172-4BC0-90E3-A266B7586118}.Debug|Any CPU.Build.0 = Debug|Any CPU
		{319D8D6B-A172-4BC0-90E3-A266B7586118}.Release|Any CPU.ActiveCfg = Release|Any CPU
		{319D8D6B-A172-4BC0-90E3-A266B7586118}.Release|Any CPU.Build.0 = Release|Any CPU
		{83A889B0-2EDF-4203-B827-DF4DFC069F07}.Debug|Any CPU.ActiveCfg = Debug|Any CPU
		{83A889B0-2EDF-4203-B827-DF4DFC069F07}.Debug|Any CPU.Build.0 = Debug|Any CPU
		{83A889B0-2EDF-4203-B827-DF4DFC069F07}.Release|Any CPU.ActiveCfg = Release|Any CPU
		{83A889B0-2EDF-4203-B827-DF4DFC069F07}.Release|Any CPU.Build.0 = Release|Any CPU
	EndGlobalSection
	GlobalSection(SolutionProperties) = preSolution
		HideSolutionNode = FALSE
	EndGlobalSection
EndGlobal
